
Microsoft Visual Studio Solution File, Format Version 12.00
# Visual Studio Version 17
VisualStudioVersion = 17.11.35222.181
MinimumVisualStudioVersion = 10.0.40219.1
Project("{9A19103F-16F7-4668-BE54-9A1E7A4F7556}") = "WebAPI", "WebAPI\WebAPI.csproj", "{5553084A-94BF-43C1-A75B-AEF43501A6E1}"
EndProject
Project("{E53339B2-1760-4266-BCC7-CA923CBCF16C}") = "docker-compose", "docker-compose.dcproj", "{3D590699-2456-4ECD-ADE4-B0E549873500}"
EndProject
Project("{2150E333-8FDC-42A3-9474-1A3956D46DE8}") = "Keycloak", "Keycloak", "{60B17452-5F1F-49C6-8A8C-105073B9769D}"
	ProjectSection(SolutionItems) = preProject
		Keycloak\Dockerfile = Keycloak\Dockerfile
	EndProjectSection
EndProject
Project("{9A19103F-16F7-4668-BE54-9A1E7A4F7556}") = "BlazorClient", "BlazorClient\BlazorClient.csproj", "{BC231E5A-75E1-4BF3-B751-889A198922F3}"
EndProject
Project("{2150E333-8FDC-42A3-9474-1A3956D46DE8}") = "Nginx", "Nginx", "{ADAC6DB4-A315-4F27-B33E-F66ACB5251E5}"
	ProjectSection(SolutionItems) = preProject
		Nginx\nginx.conf = Nginx\nginx.conf
	EndProjectSection
EndProject
Project("{9A19103F-16F7-4668-BE54-9A1E7A4F7556}") = "Keycloak.Configuration", "Keycloak.Configuration\Keycloak.Configuration.csproj", "{3ED8649A-EED1-46CB-A834-12BA32B0E616}"
EndProject
Project("{FAE04EC0-301F-11D3-BF4B-00C04F79EFBC}") = "Keycloak.HttpClient", "Keycloak.HttpClient\Keycloak.HttpClient.csproj", "{823DADB4-5B8E-4AAA-A005-23DA468D43FC}"
EndProject
Global
	GlobalSection(SolutionConfigurationPlatforms) = preSolution
		Debug|Any CPU = Debug|Any CPU
		Release|Any CPU = Release|Any CPU
	EndGlobalSection
	GlobalSection(ProjectConfigurationPlatforms) = postSolution
		{5553084A-94BF-43C1-A75B-AEF43501A6E1}.Debug|Any CPU.ActiveCfg = Debug|Any CPU
		{5553084A-94BF-43C1-A75B-AEF43501A6E1}.Debug|Any CPU.Build.0 = Debug|Any CPU
		{5553084A-94BF-43C1-A75B-AEF43501A6E1}.Release|Any CPU.ActiveCfg = Release|Any CPU
		{5553084A-94BF-43C1-A75B-AEF43501A6E1}.Release|Any CPU.Build.0 = Release|Any CPU
		{3D590699-2456-4ECD-ADE4-B0E549873500}.Debug|Any CPU.ActiveCfg = Debug|Any CPU
		{3D590699-2456-4ECD-ADE4-B0E549873500}.Debug|Any CPU.Build.0 = Debug|Any CPU
		{3D590699-2456-4ECD-ADE4-B0E549873500}.Release|Any CPU.ActiveCfg = Release|Any CPU
		{3D590699-2456-4ECD-ADE4-B0E549873500}.Release|Any CPU.Build.0 = Release|Any CPU
		{BC231E5A-75E1-4BF3-B751-889A198922F3}.Debug|Any CPU.ActiveCfg = Debug|Any CPU
		{BC231E5A-75E1-4BF3-B751-889A198922F3}.Debug|Any CPU.Build.0 = Debug|Any CPU
		{BC231E5A-75E1-4BF3-B751-889A198922F3}.Release|Any CPU.ActiveCfg = Release|Any CPU
		{BC231E5A-75E1-4BF3-B751-889A198922F3}.Release|Any CPU.Build.0 = Release|Any CPU
		{3ED8649A-EED1-46CB-A834-12BA32B0E616}.Debug|Any CPU.ActiveCfg = Debug|Any CPU
		{3ED8649A-EED1-46CB-A834-12BA32B0E616}.Debug|Any CPU.Build.0 = Debug|Any CPU
		{3ED8649A-EED1-46CB-A834-12BA32B0E616}.Release|Any CPU.ActiveCfg = Release|Any CPU
		{3ED8649A-EED1-46CB-A834-12BA32B0E616}.Release|Any CPU.Build.0 = Release|Any CPU
		{823DADB4-5B8E-4AAA-A005-23DA468D43FC}.Debug|Any CPU.ActiveCfg = Debug|Any CPU
		{823DADB4-5B8E-4AAA-A005-23DA468D43FC}.Debug|Any CPU.Build.0 = Debug|Any CPU
		{823DADB4-5B8E-4AAA-A005-23DA468D43FC}.Release|Any CPU.ActiveCfg = Release|Any CPU
		{823DADB4-5B8E-4AAA-A005-23DA468D43FC}.Release|Any CPU.Build.0 = Release|Any CPU
	EndGlobalSection
	GlobalSection(SolutionProperties) = preSolution
		HideSolutionNode = FALSE
	EndGlobalSection
	GlobalSection(ExtensibilityGlobals) = postSolution
		SolutionGuid = {DF81FF98-A1D6-41EB-8157-CB0E663056FA}
	EndGlobalSection
EndGlobal
